
Microsoft Visual Studio Solution File, Format Version 12.00
# Visual Studio 15
Project("{FAE04EC0-301F-11D3-BF4B-00C04F79EFBC}") = "Oculus.Platform", "Oculus.Platform.csproj", "{6F5DCEA0-CD24-3850-1354-95B968FF52EC}"
EndProject
Project("{FAE04EC0-301F-11D3-BF4B-00C04F79EFBC}") = "Assembly-CSharp", "Assembly-CSharp.csproj", "{32C3BDE6-E125-3128-82C1-25D0441455A3}"
EndProject
Project("{FAE04EC0-301F-11D3-BF4B-00C04F79EFBC}") = "Meta.WitAi", "Meta.WitAi.csproj", "{011DC4E5-56EC-BE8F-8A66-8B7D2492CBBF}"
EndProject
Project("{FAE04EC0-301F-11D3-BF4B-00C04F79EFBC}") = "Oculus.Spatializer", "Oculus.Spatializer.csproj", "{F79355FB-5971-9019-9B0C-E3323E259EEF}"
EndProject
Project("{FAE04EC0-301F-11D3-BF4B-00C04F79EFBC}") = "Oculus.Interaction", "Oculus.Interaction.csproj", "{399210E1-EFA6-B134-AB89-71E27613E94E}"
EndProject
Project("{FAE04EC0-301F-11D3-BF4B-00C04F79EFBC}") = "Meta.WitAi.Lib", "Meta.WitAi.Lib.csproj", "{011B871C-86AA-D2AA-88D1-1D526781229B}"
EndProject
Project("{FAE04EC0-301F-11D3-BF4B-00C04F79EFBC}") = "Oculus.Interaction.OVR.Samples", "Oculus.Interaction.OVR.Samples.csproj", "{B78B5FAE-383A-2CBC-EA83-9539FB50A330}"
EndProject
Project("{FAE04EC0-301F-11D3-BF4B-00C04F79EFBC}") = "Oculus.VR", "Oculus.VR.csproj", "{5F952402-0FAE-5C57-AE5C-69C2E4459BCA}"
EndProject
Project("{FAE04EC0-301F-11D3-BF4B-00C04F79EFBC}") = "Meta.XR.BuildingBlocks", "Meta.XR.BuildingBlocks.csproj", "{2761BA9C-62DC-ABD6-DD90-7A3204DD1E18}"
EndProject
Project("{FAE04EC0-301F-11D3-BF4B-00C04F79EFBC}") = "Meta.Voice.Samples.LiveUnderstanding", "Meta.Voice.Samples.LiveUnderstanding.csproj", "{95A49CBF-3B03-9917-78B8-672FE2F0180F}"
EndProject
Project("{FAE04EC0-301F-11D3-BF4B-00C04F79EFBC}") = "VoiceSDK.Dictation.Runtime", "VoiceSDK.Dictation.Runtime.csproj", "{43AB9CDC-BA6D-D7E6-471D-993377B8649E}"
EndProject
Project("{FAE04EC0-301F-11D3-BF4B-00C04F79EFBC}") = "Meta.WitAi.TTS", "Meta.WitAi.TTS.csproj", "{4C92CAD7-FCF7-AC3B-3297-89ACCEA0CF2C}"
EndProject
Project("{FAE04EC0-301F-11D3-BF4B-00C04F79EFBC}") = "Oculus.AudioManager", "Oculus.AudioManager.csproj", "{DB4D2D42-5450-B3E5-4DE6-58A5DCE25679}"
EndProject
Project("{FAE04EC0-301F-11D3-BF4B-00C04F79EFBC}") = "Meta.Voice.Hub.Runtime", "Meta.Voice.Hub.Runtime.csproj", "{C9ABED07-864C-765F-4149-CF3C8BE29EAE}"
EndProject
Project("{FAE04EC0-301F-11D3-BF4B-00C04F79EFBC}") = "VoiceSDK.Runtime", "VoiceSDK.Runtime.csproj", "{BFCB1A71-A1B1-F655-2E3A-49328AF55F29}"
EndProject
Project("{FAE04EC0-301F-11D3-BF4B-00C04F79EFBC}") = "Facebook.Wit.Dictation", "Facebook.Wit.Dictation.csproj", "{7D16C4AC-858E-C252-F891-A115FD84452A}"
EndProject
Project("{FAE04EC0-301F-11D3-BF4B-00C04F79EFBC}") = "Meta.Voice.Samples.Dictation", "Meta.Voice.Samples.Dictation.csproj", "{951A9EF2-2A6B-0A10-82A1-3E9C0FEF3532}"
EndProject
Project("{FAE04EC0-301F-11D3-BF4B-00C04F79EFBC}") = "Oculus.Interaction.OVR", "Oculus.Interaction.OVR.csproj", "{12148E6A-0CC5-E799-E38E-DAE073BBBF70}"
EndProject
Project("{FAE04EC0-301F-11D3-BF4B-00C04F79EFBC}") = "AssistantCoreSDKRuntime", "AssistantCoreSDKRuntime.csproj", "{D6A23B7B-D5BA-8A51-4DEA-DD149A5BA3C0}"
EndProject
Project("{FAE04EC0-301F-11D3-BF4B-00C04F79EFBC}") = "Meta.WitAi.Conduit", "Meta.WitAi.Conduit.csproj", "{3FA15CEE-7665-E32C-0E83-912339B6AB7B}"
EndProject
Project("{FAE04EC0-301F-11D3-BF4B-00C04F79EFBC}") = "Oculus.LipSync", "Oculus.LipSync.csproj", "{477A8FDB-D25D-304B-D2D7-4AAF48B42F5E}"
EndProject
Project("{FAE04EC0-301F-11D3-BF4B-00C04F79EFBC}") = "Meta.Voice.Samples.Shapes", "Meta.Voice.Samples.Shapes.csproj", "{44E5FBC2-CCE9-935D-AEEB-B1B2F0DA1B62}"
EndProject
Project("{FAE04EC0-301F-11D3-BF4B-00C04F79EFBC}") = "Meta.Voice.Samples.TTSVoices", "Meta.Voice.Samples.TTSVoices.csproj", "{2977CAB5-3651-74BA-2601-36E1D14CB7BE}"
EndProject
Project("{FAE04EC0-301F-11D3-BF4B-00C04F79EFBC}") = "Meta.VoiceSDK.Mic.Other", "Meta.VoiceSDK.Mic.Other.csproj", "{272105A0-D666-07E1-AE84-4B0C8EB3A81E}"
EndProject
Project("{FAE04EC0-301F-11D3-BF4B-00C04F79EFBC}") = "Meta.VoiceSDK.Mic.Common", "Meta.VoiceSDK.Mic.Common.csproj", "{771E489D-BE4D-B2E3-E36E-E6067EF3DDB8}"
EndProject
Project("{FAE04EC0-301F-11D3-BF4B-00C04F79EFBC}") = "Meta.Voice.Samples.Chess", "Meta.Voice.Samples.Chess.csproj", "{DEBFCE08-5366-570B-67C6-D5809D651CAA}"
EndProject
Project("{FAE04EC0-301F-11D3-BF4B-00C04F79EFBC}") = "Meta.Voice.Samples.ShapesConduit", "Meta.Voice.Samples.ShapesConduit.csproj", "{0610B4CA-C420-19FB-61EE-1D1B3BFB6A26}"
EndProject
Project("{FAE04EC0-301F-11D3-BF4B-00C04F79EFBC}") = "Meta.VoiceSDK.Mic.WebGL", "Meta.VoiceSDK.Mic.WebGL.csproj", "{1E14576A-1A3B-7658-C29A-8C824D618862}"
EndProject
Project("{FAE04EC0-301F-11D3-BF4B-00C04F79EFBC}") = "Meta.Voice.Samples.BuiltInTimer", "Meta.Voice.Samples.BuiltInTimer.csproj", "{87802BEA-5367-AA4C-6116-A8230B7EEDE1}"
EndProject
Project("{FAE04EC0-301F-11D3-BF4B-00C04F79EFBC}") = "Meta.Voice.Samples.LightTraits", "Meta.Voice.Samples.LightTraits.csproj", "{FC856637-C59E-42F4-A3F7-D840B7F7DC0C}"
EndProject
Project("{FAE04EC0-301F-11D3-BF4B-00C04F79EFBC}") = "Meta.WitAi.Editor", "Meta.WitAi.Editor.csproj", "{55A5E845-175E-E641-CCA2-3D6F7C379819}"
EndProject
Project("{FAE04EC0-301F-11D3-BF4B-00C04F79EFBC}") = "Oculus.Interaction.Editor", "Oculus.Interaction.Editor.csproj", "{65B5E4DC-B3F5-FA33-F51A-EF234F3864D1}"
EndProject
Project("{FAE04EC0-301F-11D3-BF4B-00C04F79EFBC}") = "Meta.Voice.Hub.Editor", "Meta.Voice.Hub.Editor.csproj", "{791691AE-C30E-18BD-1AAF-61BC0E153B32}"
EndProject
Project("{FAE04EC0-301F-11D3-BF4B-00C04F79EFBC}") = "Meta.WitAI.Lib.Editor", "Meta.WitAI.Lib.Editor.csproj", "{51CDA77D-30E9-591E-9F7B-3DD96989FD5E}"
EndProject
Project("{FAE04EC0-301F-11D3-BF4B-00C04F79EFBC}") = "Oculus.VR.Editor", "Oculus.VR.Editor.csproj", "{619A6AC7-8E96-558B-820F-364CB4A43FA3}"
EndProject
Project("{FAE04EC0-301F-11D3-BF4B-00C04F79EFBC}") = "Meta.WitAi.Conduit.Editor", "Meta.WitAi.Conduit.Editor.csproj", "{D37A1664-1647-B92C-EB51-D578D3A32A41}"
EndProject
Project("{FAE04EC0-301F-11D3-BF4B-00C04F79EFBC}") = "VoiceSDK.Telemetry", "VoiceSDK.Telemetry.csproj", "{DCE4F8D3-96F7-3EEF-9E78-1A5D56FEB7B7}"
EndProject
Project("{FAE04EC0-301F-11D3-BF4B-00C04F79EFBC}") = "Oculus.Interaction.OVR.Editor", "Oculus.Interaction.OVR.Editor.csproj", "{C9DC7B3C-B276-C6CD-5E59-836B69C1E89D}"
EndProject
Project("{FAE04EC0-301F-11D3-BF4B-00C04F79EFBC}") = "Meta.XR.BuildingBlocks.Editor", "Meta.XR.BuildingBlocks.Editor.csproj", "{991C67F5-B89A-EED2-1DE5-B31CC2594D66}"
EndProject
Project("{FAE04EC0-301F-11D3-BF4B-00C04F79EFBC}") = "Assembly-CSharp-Editor", "Assembly-CSharp-Editor.csproj", "{E8A91009-7186-A382-4FE4-3C21BA335F00}"
EndProject
Project("{FAE04EC0-301F-11D3-BF4B-00C04F79EFBC}") = "Oculus.Interaction.Samples.Editor", "Oculus.Interaction.Samples.Editor.csproj", "{B7C1582D-F982-C6A8-FB50-B82B63552D98}"
EndProject
Project("{FAE04EC0-301F-11D3-BF4B-00C04F79EFBC}") = "Oculus.VR.Scripts.Editor", "Oculus.VR.Scripts.Editor.csproj", "{6A1A818E-2075-7503-AC3E-AC553B965D20}"
EndProject
Project("{FAE04EC0-301F-11D3-BF4B-00C04F79EFBC}") = "VoiceSDK.Editor", "VoiceSDK.Editor.csproj", "{EDAE8845-3DCC-C712-6E88-098FF88566AA}"
EndProject
Project("{FAE04EC0-301F-11D3-BF4B-00C04F79EFBC}") = "Oculus.Spatializer.Editor", "Oculus.Spatializer.Editor.csproj", "{CDB061C6-7A13-4FAD-7246-C4DC8AB871BA}"
EndProject
Project("{FAE04EC0-301F-11D3-BF4B-00C04F79EFBC}") = "Meta.WitAi.TTS.Editor", "Meta.WitAi.TTS.Editor.csproj", "{88479939-1F08-51FB-3A2B-39C703C21653}"
EndProject
Project("{FAE04EC0-301F-11D3-BF4B-00C04F79EFBC}") = "Facebook.Wit.Dictation.Editor", "Facebook.Wit.Dictation.Editor.csproj", "{C935C971-81AF-A2DD-1D58-1780FB1B1D2C}"
EndProject
Project("{FAE04EC0-301F-11D3-BF4B-00C04F79EFBC}") = "VoiceSDK.Dictation.Editor", "VoiceSDK.Dictation.Editor.csproj", "{25061A6A-FD25-AB08-B28E-730DF242B4F2}"
EndProject
Project("{FAE04EC0-301F-11D3-BF4B-00C04F79EFBC}") = "Oculus.Platform.Editor", "Oculus.Platform.Editor.csproj", "{5B8DCB86-2C5F-E8A8-144D-3B418FBF32B4}"
EndProject
Project("{FAE04EC0-301F-11D3-BF4B-00C04F79EFBC}") = "Oculus.AudioManager.Audio.Editor", "Oculus.AudioManager.Audio.Editor.csproj", "{06DF7683-AEDE-A154-4A09-6A681F41A52A}"
EndProject
Project("{FAE04EC0-301F-11D3-BF4B-00C04F79EFBC}") = "Oculus.Interaction.InterfaceSupport", "Oculus.Interaction.InterfaceSupport.csproj", "{4B37C812-2C87-F3E7-BBA1-BFFCD700FAA2}"
EndProject
Project("{FAE04EC0-301F-11D3-BF4B-00C04F79EFBC}") = "Oculus.LipSync.Editor", "Oculus.LipSync.Editor.csproj", "{969F8221-7649-852C-F238-1E3F53705FD5}"
EndProject
Project("{FAE04EC0-301F-11D3-BF4B-00C04F79EFBC}") = "Meta.Voice.VSDKHub.Editor", "Meta.Voice.VSDKHub.Editor.csproj", "{A675791A-1F48-391C-8140-1140C4D746EA}"
EndProject
Project("{FAE04EC0-301F-11D3-BF4B-00C04F79EFBC}") = "AssistantCoreSDKEditor", "AssistantCoreSDKEditor.csproj", "{AA2A3F54-9C09-2897-EC05-1FA2CEFA6656}"
EndProject
Project("{FAE04EC0-301F-11D3-BF4B-00C04F79EFBC}") = "Oculus.AudioManager.Utils.Editor", "Oculus.AudioManager.Utils.Editor.csproj", "{F301A3FA-E1C4-EF37-8FB8-A2F20E02C2B6}"
EndProject
Global
	GlobalSection(SolutionConfigurationPlatforms) = preSolution
		Debug|Any CPU = Debug|Any CPU
		Release|Any CPU = Release|Any CPU
	EndGlobalSection
	GlobalSection(ProjectConfigurationPlatforms) = postSolution
		{6F5DCEA0-CD24-3850-1354-95B968FF52EC}.Debug|Any CPU.ActiveCfg = Debug|Any CPU
		{6F5DCEA0-CD24-3850-1354-95B968FF52EC}.Debug|Any CPU.Build.0 = Debug|Any CPU
		{6F5DCEA0-CD24-3850-1354-95B968FF52EC}.Release|Any CPU.ActiveCfg = Release|Any CPU
		{6F5DCEA0-CD24-3850-1354-95B968FF52EC}.Release|Any CPU.Build.0 = Release|Any CPU
		{32C3BDE6-E125-3128-82C1-25D0441455A3}.Debug|Any CPU.ActiveCfg = Debug|Any CPU
		{32C3BDE6-E125-3128-82C1-25D0441455A3}.Debug|Any CPU.Build.0 = Debug|Any CPU
		{32C3BDE6-E125-3128-82C1-25D0441455A3}.Release|Any CPU.ActiveCfg = Release|Any CPU
		{32C3BDE6-E125-3128-82C1-25D0441455A3}.Release|Any CPU.Build.0 = Release|Any CPU
		{011DC4E5-56EC-BE8F-8A66-8B7D2492CBBF}.Debug|Any CPU.ActiveCfg = Debug|Any CPU
		{011DC4E5-56EC-BE8F-8A66-8B7D2492CBBF}.Debug|Any CPU.Build.0 = Debug|Any CPU
		{011DC4E5-56EC-BE8F-8A66-8B7D2492CBBF}.Release|Any CPU.ActiveCfg = Release|Any CPU
		{011DC4E5-56EC-BE8F-8A66-8B7D2492CBBF}.Release|Any CPU.Build.0 = Release|Any CPU
		{F79355FB-5971-9019-9B0C-E3323E259EEF}.Debug|Any CPU.ActiveCfg = Debug|Any CPU
		{F79355FB-5971-9019-9B0C-E3323E259EEF}.Debug|Any CPU.Build.0 = Debug|Any CPU
		{F79355FB-5971-9019-9B0C-E3323E259EEF}.Release|Any CPU.ActiveCfg = Release|Any CPU
		{F79355FB-5971-9019-9B0C-E3323E259EEF}.Release|Any CPU.Build.0 = Release|Any CPU
		{399210E1-EFA6-B134-AB89-71E27613E94E}.Debug|Any CPU.ActiveCfg = Debug|Any CPU
		{399210E1-EFA6-B134-AB89-71E27613E94E}.Debug|Any CPU.Build.0 = Debug|Any CPU
		{399210E1-EFA6-B134-AB89-71E27613E94E}.Release|Any CPU.ActiveCfg = Release|Any CPU
		{399210E1-EFA6-B134-AB89-71E27613E94E}.Release|Any CPU.Build.0 = Release|Any CPU
		{011B871C-86AA-D2AA-88D1-1D526781229B}.Debug|Any CPU.ActiveCfg = Debug|Any CPU
		{011B871C-86AA-D2AA-88D1-1D526781229B}.Debug|Any CPU.Build.0 = Debug|Any CPU
		{011B871C-86AA-D2AA-88D1-1D526781229B}.Release|Any CPU.ActiveCfg = Release|Any CPU
		{011B871C-86AA-D2AA-88D1-1D526781229B}.Release|Any CPU.Build.0 = Release|Any CPU
		{B78B5FAE-383A-2CBC-EA83-9539FB50A330}.Debug|Any CPU.ActiveCfg = Debug|Any CPU
		{B78B5FAE-383A-2CBC-EA83-9539FB50A330}.Debug|Any CPU.Build.0 = Debug|Any CPU
		{B78B5FAE-383A-2CBC-EA83-9539FB50A330}.Release|Any CPU.ActiveCfg = Release|Any CPU
		{B78B5FAE-383A-2CBC-EA83-9539FB50A330}.Release|Any CPU.Build.0 = Release|Any CPU
		{5F952402-0FAE-5C57-AE5C-69C2E4459BCA}.Debug|Any CPU.ActiveCfg = Debug|Any CPU
		{5F952402-0FAE-5C57-AE5C-69C2E4459BCA}.Debug|Any CPU.Build.0 = Debug|Any CPU
		{5F952402-0FAE-5C57-AE5C-69C2E4459BCA}.Release|Any CPU.ActiveCfg = Release|Any CPU
		{5F952402-0FAE-5C57-AE5C-69C2E4459BCA}.Release|Any CPU.Build.0 = Release|Any CPU
		{2761BA9C-62DC-ABD6-DD90-7A3204DD1E18}.Debug|Any CPU.ActiveCfg = Debug|Any CPU
		{2761BA9C-62DC-ABD6-DD90-7A3204DD1E18}.Debug|Any CPU.Build.0 = Debug|Any CPU
		{2761BA9C-62DC-ABD6-DD90-7A3204DD1E18}.Release|Any CPU.ActiveCfg = Release|Any CPU
		{2761BA9C-62DC-ABD6-DD90-7A3204DD1E18}.Release|Any CPU.Build.0 = Release|Any CPU
		{95A49CBF-3B03-9917-78B8-672FE2F0180F}.Debug|Any CPU.ActiveCfg = Debug|Any CPU
		{95A49CBF-3B03-9917-78B8-672FE2F0180F}.Debug|Any CPU.Build.0 = Debug|Any CPU
		{95A49CBF-3B03-9917-78B8-672FE2F0180F}.Release|Any CPU.ActiveCfg = Release|Any CPU
		{95A49CBF-3B03-9917-78B8-672FE2F0180F}.Release|Any CPU.Build.0 = Release|Any CPU
		{43AB9CDC-BA6D-D7E6-471D-993377B8649E}.Debug|Any CPU.ActiveCfg = Debug|Any CPU
		{43AB9CDC-BA6D-D7E6-471D-993377B8649E}.Debug|Any CPU.Build.0 = Debug|Any CPU
		{43AB9CDC-BA6D-D7E6-471D-993377B8649E}.Release|Any CPU.ActiveCfg = Release|Any CPU
		{43AB9CDC-BA6D-D7E6-471D-993377B8649E}.Release|Any CPU.Build.0 = Release|Any CPU
		{4C92CAD7-FCF7-AC3B-3297-89ACCEA0CF2C}.Debug|Any CPU.ActiveCfg = Debug|Any CPU
		{4C92CAD7-FCF7-AC3B-3297-89ACCEA0CF2C}.Debug|Any CPU.Build.0 = Debug|Any CPU
		{4C92CAD7-FCF7-AC3B-3297-89ACCEA0CF2C}.Release|Any CPU.ActiveCfg = Release|Any CPU
		{4C92CAD7-FCF7-AC3B-3297-89ACCEA0CF2C}.Release|Any CPU.Build.0 = Release|Any CPU
		{DB4D2D42-5450-B3E5-4DE6-58A5DCE25679}.Debug|Any CPU.ActiveCfg = Debug|Any CPU
		{DB4D2D42-5450-B3E5-4DE6-58A5DCE25679}.Debug|Any CPU.Build.0 = Debug|Any CPU
		{DB4D2D42-5450-B3E5-4DE6-58A5DCE25679}.Release|Any CPU.ActiveCfg = Release|Any CPU
		{DB4D2D42-5450-B3E5-4DE6-58A5DCE25679}.Release|Any CPU.Build.0 = Release|Any CPU
		{C9ABED07-864C-765F-4149-CF3C8BE29EAE}.Debug|Any CPU.ActiveCfg = Debug|Any CPU
		{C9ABED07-864C-765F-4149-CF3C8BE29EAE}.Debug|Any CPU.Build.0 = Debug|Any CPU
		{C9ABED07-864C-765F-4149-CF3C8BE29EAE}.Release|Any CPU.ActiveCfg = Release|Any CPU
		{C9ABED07-864C-765F-4149-CF3C8BE29EAE}.Release|Any CPU.Build.0 = Release|Any CPU
		{BFCB1A71-A1B1-F655-2E3A-49328AF55F29}.Debug|Any CPU.ActiveCfg = Debug|Any CPU
		{BFCB1A71-A1B1-F655-2E3A-49328AF55F29}.Debug|Any CPU.Build.0 = Debug|Any CPU
		{BFCB1A71-A1B1-F655-2E3A-49328AF55F29}.Release|Any CPU.ActiveCfg = Release|Any CPU
		{BFCB1A71-A1B1-F655-2E3A-49328AF55F29}.Release|Any CPU.Build.0 = Release|Any CPU
		{7D16C4AC-858E-C252-F891-A115FD84452A}.Debug|Any CPU.ActiveCfg = Debug|Any CPU
		{7D16C4AC-858E-C252-F891-A115FD84452A}.Debug|Any CPU.Build.0 = Debug|Any CPU
		{7D16C4AC-858E-C252-F891-A115FD84452A}.Release|Any CPU.ActiveCfg = Release|Any CPU
		{7D16C4AC-858E-C252-F891-A115FD84452A}.Release|Any CPU.Build.0 = Release|Any CPU
		{951A9EF2-2A6B-0A10-82A1-3E9C0FEF3532}.Debug|Any CPU.ActiveCfg = Debug|Any CPU
		{951A9EF2-2A6B-0A10-82A1-3E9C0FEF3532}.Debug|Any CPU.Build.0 = Debug|Any CPU
		{951A9EF2-2A6B-0A10-82A1-3E9C0FEF3532}.Release|Any CPU.ActiveCfg = Release|Any CPU
		{951A9EF2-2A6B-0A10-82A1-3E9C0FEF3532}.Release|Any CPU.Build.0 = Release|Any CPU
		{12148E6A-0CC5-E799-E38E-DAE073BBBF70}.Debug|Any CPU.ActiveCfg = Debug|Any CPU
		{12148E6A-0CC5-E799-E38E-DAE073BBBF70}.Debug|Any CPU.Build.0 = Debug|Any CPU
		{12148E6A-0CC5-E799-E38E-DAE073BBBF70}.Release|Any CPU.ActiveCfg = Release|Any CPU
		{12148E6A-0CC5-E799-E38E-DAE073BBBF70}.Release|Any CPU.Build.0 = Release|Any CPU
		{D6A23B7B-D5BA-8A51-4DEA-DD149A5BA3C0}.Debug|Any CPU.ActiveCfg = Debug|Any CPU
		{D6A23B7B-D5BA-8A51-4DEA-DD149A5BA3C0}.Debug|Any CPU.Build.0 = Debug|Any CPU
		{D6A23B7B-D5BA-8A51-4DEA-DD149A5BA3C0}.Release|Any CPU.ActiveCfg = Release|Any CPU
		{D6A23B7B-D5BA-8A51-4DEA-DD149A5BA3C0}.Release|Any CPU.Build.0 = Release|Any CPU
		{3FA15CEE-7665-E32C-0E83-912339B6AB7B}.Debug|Any CPU.ActiveCfg = Debug|Any CPU
		{3FA15CEE-7665-E32C-0E83-912339B6AB7B}.Debug|Any CPU.Build.0 = Debug|Any CPU
		{3FA15CEE-7665-E32C-0E83-912339B6AB7B}.Release|Any CPU.ActiveCfg = Release|Any CPU
		{3FA15CEE-7665-E32C-0E83-912339B6AB7B}.Release|Any CPU.Build.0 = Release|Any CPU
		{477A8FDB-D25D-304B-D2D7-4AAF48B42F5E}.Debug|Any CPU.ActiveCfg = Debug|Any CPU
		{477A8FDB-D25D-304B-D2D7-4AAF48B42F5E}.Debug|Any CPU.Build.0 = Debug|Any CPU
		{477A8FDB-D25D-304B-D2D7-4AAF48B42F5E}.Release|Any CPU.ActiveCfg = Release|Any CPU
		{477A8FDB-D25D-304B-D2D7-4AAF48B42F5E}.Release|Any CPU.Build.0 = Release|Any CPU
		{44E5FBC2-CCE9-935D-AEEB-B1B2F0DA1B62}.Debug|Any CPU.ActiveCfg = Debug|Any CPU
		{44E5FBC2-CCE9-935D-AEEB-B1B2F0DA1B62}.Debug|Any CPU.Build.0 = Debug|Any CPU
		{44E5FBC2-CCE9-935D-AEEB-B1B2F0DA1B62}.Release|Any CPU.ActiveCfg = Release|Any CPU
		{44E5FBC2-CCE9-935D-AEEB-B1B2F0DA1B62}.Release|Any CPU.Build.0 = Release|Any CPU
		{2977CAB5-3651-74BA-2601-36E1D14CB7BE}.Debug|Any CPU.ActiveCfg = Debug|Any CPU
		{2977CAB5-3651-74BA-2601-36E1D14CB7BE}.Debug|Any CPU.Build.0 = Debug|Any CPU
		{2977CAB5-3651-74BA-2601-36E1D14CB7BE}.Release|Any CPU.ActiveCfg = Release|Any CPU
		{2977CAB5-3651-74BA-2601-36E1D14CB7BE}.Release|Any CPU.Build.0 = Release|Any CPU
		{272105A0-D666-07E1-AE84-4B0C8EB3A81E}.Debug|Any CPU.ActiveCfg = Debug|Any CPU
		{272105A0-D666-07E1-AE84-4B0C8EB3A81E}.Debug|Any CPU.Build.0 = Debug|Any CPU
		{272105A0-D666-07E1-AE84-4B0C8EB3A81E}.Release|Any CPU.ActiveCfg = Release|Any CPU
		{272105A0-D666-07E1-AE84-4B0C8EB3A81E}.Release|Any CPU.Build.0 = Release|Any CPU
		{771E489D-BE4D-B2E3-E36E-E6067EF3DDB8}.Debug|Any CPU.ActiveCfg = Debug|Any CPU
		{771E489D-BE4D-B2E3-E36E-E6067EF3DDB8}.Debug|Any CPU.Build.0 = Debug|Any CPU
		{771E489D-BE4D-B2E3-E36E-E6067EF3DDB8}.Release|Any CPU.ActiveCfg = Release|Any CPU
		{771E489D-BE4D-B2E3-E36E-E6067EF3DDB8}.Release|Any CPU.Build.0 = Release|Any CPU
		{DEBFCE08-5366-570B-67C6-D5809D651CAA}.Debug|Any CPU.ActiveCfg = Debug|Any CPU
		{DEBFCE08-5366-570B-67C6-D5809D651CAA}.Debug|Any CPU.Build.0 = Debug|Any CPU
		{DEBFCE08-5366-570B-67C6-D5809D651CAA}.Release|Any CPU.ActiveCfg = Release|Any CPU
		{DEBFCE08-5366-570B-67C6-D5809D651CAA}.Release|Any CPU.Build.0 = Release|Any CPU
		{0610B4CA-C420-19FB-61EE-1D1B3BFB6A26}.Debug|Any CPU.ActiveCfg = Debug|Any CPU
		{0610B4CA-C420-19FB-61EE-1D1B3BFB6A26}.Debug|Any CPU.Build.0 = Debug|Any CPU
		{0610B4CA-C420-19FB-61EE-1D1B3BFB6A26}.Release|Any CPU.ActiveCfg = Release|Any CPU
		{0610B4CA-C420-19FB-61EE-1D1B3BFB6A26}.Release|Any CPU.Build.0 = Release|Any CPU
		{1E14576A-1A3B-7658-C29A-8C824D618862}.Debug|Any CPU.ActiveCfg = Debug|Any CPU
		{1E14576A-1A3B-7658-C29A-8C824D618862}.Debug|Any CPU.Build.0 = Debug|Any CPU
		{1E14576A-1A3B-7658-C29A-8C824D618862}.Release|Any CPU.ActiveCfg = Release|Any CPU
		{1E14576A-1A3B-7658-C29A-8C824D618862}.Release|Any CPU.Build.0 = Release|Any CPU
		{87802BEA-5367-AA4C-6116-A8230B7EEDE1}.Debug|Any CPU.ActiveCfg = Debug|Any CPU
		{87802BEA-5367-AA4C-6116-A8230B7EEDE1}.Debug|Any CPU.Build.0 = Debug|Any CPU
		{87802BEA-5367-AA4C-6116-A8230B7EEDE1}.Release|Any CPU.ActiveCfg = Release|Any CPU
		{87802BEA-5367-AA4C-6116-A8230B7EEDE1}.Release|Any CPU.Build.0 = Release|Any CPU
		{FC856637-C59E-42F4-A3F7-D840B7F7DC0C}.Debug|Any CPU.ActiveCfg = Debug|Any CPU
		{FC856637-C59E-42F4-A3F7-D840B7F7DC0C}.Debug|Any CPU.Build.0 = Debug|Any CPU
		{FC856637-C59E-42F4-A3F7-D840B7F7DC0C}.Release|Any CPU.ActiveCfg = Release|Any CPU
		{FC856637-C59E-42F4-A3F7-D840B7F7DC0C}.Release|Any CPU.Build.0 = Release|Any CPU
		{55A5E845-175E-E641-CCA2-3D6F7C379819}.Debug|Any CPU.ActiveCfg = Debug|Any CPU
		{55A5E845-175E-E641-CCA2-3D6F7C379819}.Debug|Any CPU.Build.0 = Debug|Any CPU
		{55A5E845-175E-E641-CCA2-3D6F7C379819}.Release|Any CPU.ActiveCfg = Release|Any CPU
		{55A5E845-175E-E641-CCA2-3D6F7C379819}.Release|Any CPU.Build.0 = Release|Any CPU
		{65B5E4DC-B3F5-FA33-F51A-EF234F3864D1}.Debug|Any CPU.ActiveCfg = Debug|Any CPU
		{65B5E4DC-B3F5-FA33-F51A-EF234F3864D1}.Debug|Any CPU.Build.0 = Debug|Any CPU
		{65B5E4DC-B3F5-FA33-F51A-EF234F3864D1}.Release|Any CPU.ActiveCfg = Release|Any CPU
		{65B5E4DC-B3F5-FA33-F51A-EF234F3864D1}.Release|Any CPU.Build.0 = Release|Any CPU
		{791691AE-C30E-18BD-1AAF-61BC0E153B32}.Debug|Any CPU.ActiveCfg = Debug|Any CPU
		{791691AE-C30E-18BD-1AAF-61BC0E153B32}.Debug|Any CPU.Build.0 = Debug|Any CPU
		{791691AE-C30E-18BD-1AAF-61BC0E153B32}.Release|Any CPU.ActiveCfg = Release|Any CPU
		{791691AE-C30E-18BD-1AAF-61BC0E153B32}.Release|Any CPU.Build.0 = Release|Any CPU
		{51CDA77D-30E9-591E-9F7B-3DD96989FD5E}.Debug|Any CPU.ActiveCfg = Debug|Any CPU
		{51CDA77D-30E9-591E-9F7B-3DD96989FD5E}.Debug|Any CPU.Build.0 = Debug|Any CPU
		{51CDA77D-30E9-591E-9F7B-3DD96989FD5E}.Release|Any CPU.ActiveCfg = Release|Any CPU
		{51CDA77D-30E9-591E-9F7B-3DD96989FD5E}.Release|Any CPU.Build.0 = Release|Any CPU
		{619A6AC7-8E96-558B-820F-364CB4A43FA3}.Debug|Any CPU.ActiveCfg = Debug|Any CPU
		{619A6AC7-8E96-558B-820F-364CB4A43FA3}.Debug|Any CPU.Build.0 = Debug|Any CPU
		{619A6AC7-8E96-558B-820F-364CB4A43FA3}.Release|Any CPU.ActiveCfg = Release|Any CPU
		{619A6AC7-8E96-558B-820F-364CB4A43FA3}.Release|Any CPU.Build.0 = Release|Any CPU
		{D37A1664-1647-B92C-EB51-D578D3A32A41}.Debug|Any CPU.ActiveCfg = Debug|Any CPU
		{D37A1664-1647-B92C-EB51-D578D3A32A41}.Debug|Any CPU.Build.0 = Debug|Any CPU
		{D37A1664-1647-B92C-EB51-D578D3A32A41}.Release|Any CPU.ActiveCfg = Release|Any CPU
		{D37A1664-1647-B92C-EB51-D578D3A32A41}.Release|Any CPU.Build.0 = Release|Any CPU
		{DCE4F8D3-96F7-3EEF-9E78-1A5D56FEB7B7}.Debug|Any CPU.ActiveCfg = Debug|Any CPU
		{DCE4F8D3-96F7-3EEF-9E78-1A5D56FEB7B7}.Debug|Any CPU.Build.0 = Debug|Any CPU
		{DCE4F8D3-96F7-3EEF-9E78-1A5D56FEB7B7}.Release|Any CPU.ActiveCfg = Release|Any CPU
		{DCE4F8D3-96F7-3EEF-9E78-1A5D56FEB7B7}.Release|Any CPU.Build.0 = Release|Any CPU
		{C9DC7B3C-B276-C6CD-5E59-836B69C1E89D}.Debug|Any CPU.ActiveCfg = Debug|Any CPU
		{C9DC7B3C-B276-C6CD-5E59-836B69C1E89D}.Debug|Any CPU.Build.0 = Debug|Any CPU
		{C9DC7B3C-B276-C6CD-5E59-836B69C1E89D}.Release|Any CPU.ActiveCfg = Release|Any CPU
		{C9DC7B3C-B276-C6CD-5E59-836B69C1E89D}.Release|Any CPU.Build.0 = Release|Any CPU
		{991C67F5-B89A-EED2-1DE5-B31CC2594D66}.Debug|Any CPU.ActiveCfg = Debug|Any CPU
		{991C67F5-B89A-EED2-1DE5-B31CC2594D66}.Debug|Any CPU.Build.0 = Debug|Any CPU
		{991C67F5-B89A-EED2-1DE5-B31CC2594D66}.Release|Any CPU.ActiveCfg = Release|Any CPU
		{991C67F5-B89A-EED2-1DE5-B31CC2594D66}.Release|Any CPU.Build.0 = Release|Any CPU
		{E8A91009-7186-A382-4FE4-3C21BA335F00}.Debug|Any CPU.ActiveCfg = Debug|Any CPU
		{E8A91009-7186-A382-4FE4-3C21BA335F00}.Debug|Any CPU.Build.0 = Debug|Any CPU
		{E8A91009-7186-A382-4FE4-3C21BA335F00}.Release|Any CPU.ActiveCfg = Release|Any CPU
		{E8A91009-7186-A382-4FE4-3C21BA335F00}.Release|Any CPU.Build.0 = Release|Any CPU
		{B7C1582D-F982-C6A8-FB50-B82B63552D98}.Debug|Any CPU.ActiveCfg = Debug|Any CPU
		{B7C1582D-F982-C6A8-FB50-B82B63552D98}.Debug|Any CPU.Build.0 = Debug|Any CPU
		{B7C1582D-F982-C6A8-FB50-B82B63552D98}.Release|Any CPU.ActiveCfg = Release|Any CPU
		{B7C1582D-F982-C6A8-FB50-B82B63552D98}.Release|Any CPU.Build.0 = Release|Any CPU
		{6A1A818E-2075-7503-AC3E-AC553B965D20}.Debug|Any CPU.ActiveCfg = Debug|Any CPU
		{6A1A818E-2075-7503-AC3E-AC553B965D20}.Debug|Any CPU.Build.0 = Debug|Any CPU
		{6A1A818E-2075-7503-AC3E-AC553B965D20}.Release|Any CPU.ActiveCfg = Release|Any CPU
		{6A1A818E-2075-7503-AC3E-AC553B965D20}.Release|Any CPU.Build.0 = Release|Any CPU
		{EDAE8845-3DCC-C712-6E88-098FF88566AA}.Debug|Any CPU.ActiveCfg = Debug|Any CPU
		{EDAE8845-3DCC-C712-6E88-098FF88566AA}.Debug|Any CPU.Build.0 = Debug|Any CPU
		{EDAE8845-3DCC-C712-6E88-098FF88566AA}.Release|Any CPU.ActiveCfg = Release|Any CPU
		{EDAE8845-3DCC-C712-6E88-098FF88566AA}.Release|Any CPU.Build.0 = Release|Any CPU
		{CDB061C6-7A13-4FAD-7246-C4DC8AB871BA}.Debug|Any CPU.ActiveCfg = Debug|Any CPU
		{CDB061C6-7A13-4FAD-7246-C4DC8AB871BA}.Debug|Any CPU.Build.0 = Debug|Any CPU
		{CDB061C6-7A13-4FAD-7246-C4DC8AB871BA}.Release|Any CPU.ActiveCfg = Release|Any CPU
		{CDB061C6-7A13-4FAD-7246-C4DC8AB871BA}.Release|Any CPU.Build.0 = Release|Any CPU
		{88479939-1F08-51FB-3A2B-39C703C21653}.Debug|Any CPU.ActiveCfg = Debug|Any CPU
		{88479939-1F08-51FB-3A2B-39C703C21653}.Debug|Any CPU.Build.0 = Debug|Any CPU
		{88479939-1F08-51FB-3A2B-39C703C21653}.Release|Any CPU.ActiveCfg = Release|Any CPU
		{88479939-1F08-51FB-3A2B-39C703C21653}.Release|Any CPU.Build.0 = Release|Any CPU
		{C935C971-81AF-A2DD-1D58-1780FB1B1D2C}.Debug|Any CPU.ActiveCfg = Debug|Any CPU
		{C935C971-81AF-A2DD-1D58-1780FB1B1D2C}.Debug|Any CPU.Build.0 = Debug|Any CPU
		{C935C971-81AF-A2DD-1D58-1780FB1B1D2C}.Release|Any CPU.ActiveCfg = Release|Any CPU
		{C935C971-81AF-A2DD-1D58-1780FB1B1D2C}.Release|Any CPU.Build.0 = Release|Any CPU
		{25061A6A-FD25-AB08-B28E-730DF242B4F2}.Debug|Any CPU.ActiveCfg = Debug|Any CPU
		{25061A6A-FD25-AB08-B28E-730DF242B4F2}.Debug|Any CPU.Build.0 = Debug|Any CPU
		{25061A6A-FD25-AB08-B28E-730DF242B4F2}.Release|Any CPU.ActiveCfg = Release|Any CPU
		{25061A6A-FD25-AB08-B28E-730DF242B4F2}.Release|Any CPU.Build.0 = Release|Any CPU
		{5B8DCB86-2C5F-E8A8-144D-3B418FBF32B4}.Debug|Any CPU.ActiveCfg = Debug|Any CPU
		{5B8DCB86-2C5F-E8A8-144D-3B418FBF32B4}.Debug|Any CPU.Build.0 = Debug|Any CPU
		{5B8DCB86-2C5F-E8A8-144D-3B418FBF32B4}.Release|Any CPU.ActiveCfg = Release|Any CPU
		{5B8DCB86-2C5F-E8A8-144D-3B418FBF32B4}.Release|Any CPU.Build.0 = Release|Any CPU
		{06DF7683-AEDE-A154-4A09-6A681F41A52A}.Debug|Any CPU.ActiveCfg = Debug|Any CPU
		{06DF7683-AEDE-A154-4A09-6A681F41A52A}.Debug|Any CPU.Build.0 = Debug|Any CPU
		{06DF7683-AEDE-A154-4A09-6A681F41A52A}.Release|Any CPU.ActiveCfg = Release|Any CPU
		{06DF7683-AEDE-A154-4A09-6A681F41A52A}.Release|Any CPU.Build.0 = Release|Any CPU
		{4B37C812-2C87-F3E7-BBA1-BFFCD700FAA2}.Debug|Any CPU.ActiveCfg = Debug|Any CPU
		{4B37C812-2C87-F3E7-BBA1-BFFCD700FAA2}.Debug|Any CPU.Build.0 = Debug|Any CPU
		{4B37C812-2C87-F3E7-BBA1-BFFCD700FAA2}.Release|Any CPU.ActiveCfg = Release|Any CPU
		{4B37C812-2C87-F3E7-BBA1-BFFCD700FAA2}.Release|Any CPU.Build.0 = Release|Any CPU
		{969F8221-7649-852C-F238-1E3F53705FD5}.Debug|Any CPU.ActiveCfg = Debug|Any CPU
		{969F8221-7649-852C-F238-1E3F53705FD5}.Debug|Any CPU.Build.0 = Debug|Any CPU
		{969F8221-7649-852C-F238-1E3F53705FD5}.Release|Any CPU.ActiveCfg = Release|Any CPU
		{969F8221-7649-852C-F238-1E3F53705FD5}.Release|Any CPU.Build.0 = Release|Any CPU
		{A675791A-1F48-391C-8140-1140C4D746EA}.Debug|Any CPU.ActiveCfg = Debug|Any CPU
		{A675791A-1F48-391C-8140-1140C4D746EA}.Debug|Any CPU.Build.0 = Debug|Any CPU
		{A675791A-1F48-391C-8140-1140C4D746EA}.Release|Any CPU.ActiveCfg = Release|Any CPU
		{A675791A-1F48-391C-8140-1140C4D746EA}.Release|Any CPU.Build.0 = Release|Any CPU
		{AA2A3F54-9C09-2897-EC05-1FA2CEFA6656}.Debug|Any CPU.ActiveCfg = Debug|Any CPU
		{AA2A3F54-9C09-2897-EC05-1FA2CEFA6656}.Debug|Any CPU.Build.0 = Debug|Any CPU
		{AA2A3F54-9C09-2897-EC05-1FA2CEFA6656}.Release|Any CPU.ActiveCfg = Release|Any CPU
		{AA2A3F54-9C09-2897-EC05-1FA2CEFA6656}.Release|Any CPU.Build.0 = Release|Any CPU
		{F301A3FA-E1C4-EF37-8FB8-A2F20E02C2B6}.Debug|Any CPU.ActiveCfg = Debug|Any CPU
		{F301A3FA-E1C4-EF37-8FB8-A2F20E02C2B6}.Debug|Any CPU.Build.0 = Debug|Any CPU
		{F301A3FA-E1C4-EF37-8FB8-A2F20E02C2B6}.Release|Any CPU.ActiveCfg = Release|Any CPU
		{F301A3FA-E1C4-EF37-8FB8-A2F20E02C2B6}.Release|Any CPU.Build.0 = Release|Any CPU
	EndGlobalSection
	GlobalSection(SolutionProperties) = preSolution
		HideSolutionNode = FALSE
	EndGlobalSection
EndGlobal
